
Microsoft Visual Studio Solution File, Format Version 12.00
# Visual Studio Version 16
VisualStudioVersion = 16.0.30309.148
MinimumVisualStudioVersion = 10.0.40219.1
Project("{FAE04EC0-301F-11D3-BF4B-00C04F79EFBC}") = "FoodOrdering", "FoodOrdering\FoodOrdering.csproj", "{83FD34C3-655B-47D0-ABF6-D099E113E56F}"
EndProject
Global
	GlobalSection(SolutionConfigurationPlatforms) = preSolution
		Debug|Any CPU = Debug|Any CPU
		Release|Any CPU = Release|Any CPU
	EndGlobalSection
	GlobalSection(ProjectConfigurationPlatforms) = postSolution
		{83FD34C3-655B-47D0-ABF6-D099E113E56F}.Debug|Any CPU.ActiveCfg = Debug|Any CPU
		{83FD34C3-655B-47D0-ABF6-D099E113E56F}.Debug|Any CPU.Build.0 = Debug|Any CPU
		{83FD34C3-655B-47D0-ABF6-D099E113E56F}.Release|Any CPU.ActiveCfg = Release|Any CPU
		{83FD34C3-655B-47D0-ABF6-D099E113E56F}.Release|Any CPU.Build.0 = Release|Any CPU
	EndGlobalSection
	GlobalSection(SolutionProperties) = preSolution
		HideSolutionNode = FALSE
	EndGlobalSection
	GlobalSection(ExtensibilityGlobals) = postSolution
		SolutionGuid = {7926B6A7-C357-441A-85B3-703CFDA05017}
	EndGlobalSection
EndGlobal
